PODS:
  - Flutter (1.0.0)
  - smart_auth (0.0.1):
    - Flutter

DEPENDENCIES:
  - Flutter (from `Flutter`)
  - smart_auth (from `.symlinks/plugins/smart_auth/ios`)

EXTERNAL SOURCES:
  Flutter:
    :path: Flutter
  smart_auth:
    :path: ".symlinks/plugins/smart_auth/ios"

SPEC CHECKSUMS:
  Flutter: cabc95a1d2626b1b06e7179b784ebcf0c0cde467
  smart_auth: 33668081c5f646af84f10492a067d25fdcd16951

PODFILE CHECKSUM: 3c63482e143d1b91d2d2560aee9fb04ecc74ac7e

COCOAPODS: 1.16.2
